
Microsoft Visual Studio Solution File, Format Version 12.00
# Visual Studio Version 17
VisualStudioVersion = 17.4.33205.214
MinimumVisualStudioVersion = 10.0.40219.1
Project("{9A19103F-16F7-4668-BE54-9A1E7A4F7556}") = "ConsoleApp1", "ConsoleApp1\ConsoleApp1.csproj", "{434B7B86-1590-41BB-9381-57ED71FE4AB9}"
EndProject
Project("{FAE04EC0-301F-11D3-BF4B-00C04F79EFBC}") = "WpfApp1", "WpfApp1\WpfApp1.csproj", "{6485E8CF-42F2-4019-BB72-2ADD9D2129D1}"
EndProject
Global
	GlobalSection(SolutionConfigurationPlatforms) = preSolution
		Debug|Any CPU = Debug|Any CPU
		Release|Any CPU = Release|Any CPU
	EndGlobalSection
	GlobalSection(ProjectConfigurationPlatforms) = postSolution
		{434B7B86-1590-41BB-9381-57ED71FE4AB9}.Debug|Any CPU.ActiveCfg = Debug|Any CPU
		{434B7B86-1590-41BB-9381-57ED71FE4AB9}.Debug|Any CPU.Build.0 = Debug|Any CPU
		{434B7B86-1590-41BB-9381-57ED71FE4AB9}.Release|Any CPU.ActiveCfg = Release|Any CPU
		{434B7B86-1590-41BB-9381-57ED71FE4AB9}.Release|Any CPU.Build.0 = Release|Any CPU
		{6485E8CF-42F2-4019-BB72-2ADD9D2129D1}.Debug|Any CPU.ActiveCfg = Debug|Any CPU
		{6485E8CF-42F2-4019-BB72-2ADD9D2129D1}.Debug|Any CPU.Build.0 = Debug|Any CPU
		{6485E8CF-42F2-4019-BB72-2ADD9D2129D1}.Release|Any CPU.ActiveCfg = Release|Any CPU
		{6485E8CF-42F2-4019-BB72-2ADD9D2129D1}.Release|Any CPU.Build.0 = Release|Any CPU
	EndGlobalSection
	GlobalSection(SolutionProperties) = preSolution
		HideSolutionNode = FALSE
	EndGlobalSection
	GlobalSection(ExtensibilityGlobals) = postSolution
		SolutionGuid = {E0716C46-4378-4F8A-9491-C85B7A205640}
	EndGlobalSection
EndGlobal
